// !$*UTF8*$!
{
	archiveVersion = 1;
	classes = {
	};
	objectVersion = 46;
	objects = {

/* Begin PBXBuildFile section */
		FC85CBED1AAD4627002753A8 /* AppDelegate.swift in Sources */ = {isa = PBXBuildFile; fileRef = FC85CBEC1AAD4627002753A8 /* AppDelegate.swift */; };
		FC85CBEF1AAD4627002753A8 /* ViewController.swift in Sources */ = {isa = PBXBuildFile; fileRef = FC85CBEE1AAD4627002753A8 /* ViewController.swift */; };
		FC85CBF21AAD4627002753A8 /* Main.storyboard in Resources */ = {isa = PBXBuildFile; fileRef = FC85CBF01AAD4627002753A8 /* Main.storyboard */; };
		FC85CBF41AAD4627002753A8 /* Images.xcassets in Resources */ = {isa = PBXBuildFile; fileRef = FC85CBF31AAD4627002753A8 /* Images.xcassets */; };
		FC85CBF71AAD4627002753A8 /* LaunchScreen.xib in Resources */ = {isa = PBXBuildFile; fileRef = FC85CBF51AAD4627002753A8 /* LaunchScreen.xib */; };
		FC85CC031AAD4627002753A8 /* SwitchActionTests.swift in Sources */ = {isa = PBXBuildFile; fileRef = FC85CC021AAD4627002753A8 /* SwitchActionTests.swift */; };
/* End PBXBuildFile section */

/* Begin PBXContainerItemProxy section */
		FC85CBFD1AAD4627002753A8 /* PBXContainerItemProxy */ = {
			isa = PBXContainerItemProxy;
			containerPortal = FC85CBDF1AAD4627002753A8 /* Project object */;
			proxyType = 1;
			remoteGlobalIDString = FC85CBE61AAD4627002753A8;
			remoteInfo = SwitchAction;
		};
/* End PBXContainerItemProxy section */

/* Begin PBXFileReference section */
		FC85CBE71AAD4627002753A8 /* SwitchAction.app */ = {isa = PBXFileReference; explicitFileType = wrapper.application; includeInIndex = 0; path = SwitchAction.app; sourceTree = BUILT_PRODUCTS_DIR; };
		FC85CBEB1AAD4627002753A8 /* Info.plist */ = {isa = PBXFileReference; lastKnownFileType = text.plist.xml; path = Info.plist; sourceTree = "<group>"; };
		FC85CBEC1AAD4627002753A8 /* AppDelegate.swift */ = {isa = PBXFileReference; lastKnownFileType = sourcecode.swift; path = AppDelegate.swift; sourceTree = "<group>"; };
		FC85CBEE1AAD4627002753A8 /* ViewController.swift */ = {isa = PBXFileReference; lastKnownFileType = sourcecode.swift; path = ViewController.swift; sourceTree = "<group>"; };
		FC85CBF11AAD4627002753A8 /* Base */ = {isa = PBXFileReference; lastKnownFileType = file.storyboard; name = Base; path = Base.lproj/Main.storyboard; sourceTree = "<group>"; };
		FC85CBF31AAD4627002753A8 /* Images.xcassets */ = {isa = PBXFileReference; lastKnownFileType = folder.assetcatalog; path = Images.xcassets; sourceTree = "<group>"; };
		FC85CBF61AAD4627002753A8 /* Base */ = {isa = PBXFileReference; lastKnownFileType = file.xib; name = Base; path = Base.lproj/LaunchScreen.xib; sourceTree = "<group>"; };
		FC85CBFC1AAD4627002753A8 /* SwitchActionTests.xctest */ = {isa = PBXFileReference; explicitFileType = wrapper.cfbundle; includeInIndex = 0; path = SwitchActionTests.xctest; sourceTree = BUILT_PRODUCTS_DIR; };
		FC85CC011AAD4627002753A8 /* Info.plist */ = {isa = PBXFileReference; lastKnownFileType = text.plist.xml; path = Info.plist; sourceTree = "<group>"; };
		FC85CC021AAD4627002753A8 /* SwitchActionTests.swift */ = {isa = PBXFileReference; lastKnownFileType = sourcecode.swift; path = SwitchActionTests.swift; sourceTree = "<group>"; };
/* End PBXFileReference section */

/* Begin PBXFrameworksBuildPhase section */
		FC85CBE41AAD4627002753A8 /* Frameworks */ = {
			isa = PBXFrameworksBuildPhase;
			buildActionMask = 2147483647;
			files = (
			);
			runOnlyForDeploymentPostprocessing = 0;
		};
		FC85CBF91AAD4627002753A8 /* Frameworks */ = {
			isa = PBXFrameworksBuildPhase;
			buildActionMask = 2147483647;
			files = (
			);
			runOnlyForDeploymentPostprocessing = 0;
		};
/* End PBXFrameworksBuildPhase section */

/* Begin PBXGroup section */
		FC85CBDE1AAD4627002753A8 = {
			isa = PBXGroup;
			children = (
				FC85CBE91AAD4627002753A8 /* SwitchAction */,
				FC85CBFF1AAD4627002753A8 /* SwitchActionTests */,
				FC85CBE81AAD4627002753A8 /* Products */,
			);
			sourceTree = "<group>";
		};
		FC85CBE81AAD4627002753A8 /* Products */ = {
			isa = PBXGroup;
			children = (
				FC85CBE71AAD4627002753A8 /* SwitchAction.app */,
				FC85CBFC1AAD4627002753A8 /* SwitchActionTests.xctest */,
			);
			name = Products;
			sourceTree = "<group>";
		};
		FC85CBE91AAD4627002753A8 /* SwitchAction */ = {
			isa = PBXGroup;
			children = (
				FC85CBEC1AAD4627002753A8 /* AppDelegate.swift */,
				FC85CBEE1AAD4627002753A8 /* ViewController.swift */,
				FC85CBF01AAD4627002753A8 /* Main.storyboard */,
				FC85CBF31AAD4627002753A8 /* Images.xcassets */,
				FC85CBF51AAD4627002753A8 /* LaunchScreen.xib */,
				FC85CBEA1AAD4627002753A8 /* Supporting Files */,
			);
			path = SwitchAction;
			sourceTree = "<group>";
		};
		FC85CBEA1AAD4627002753A8 /* Supporting Files */ = {
			isa = PBXGroup;
			children = (
				FC85CBEB1AAD4627002753A8 /* Info.plist */,
			);
			name = "Supporting Files";
			sourceTree = "<group>";
		};
		FC85CBFF1AAD4627002753A8 /* SwitchActionTests */ = {
			isa = PBXGroup;
			children = (
				FC85CC021AAD4627002753A8 /* SwitchActionTests.swift */,
				FC85CC001AAD4627002753A8 /* Supporting Files */,
			);
			path = SwitchActionTests;
			sourceTree = "<group>";
		};
		FC85CC001AAD4627002753A8 /* Supporting Files */ = {
			isa = PBXGroup;
			children = (
				FC85CC011AAD4627002753A8 /* Info.plist */,
			);
			name = "Supporting Files";
			sourceTree = "<group>";
		};
/* End PBXGroup section */

/* Begin PBXNativeTarget section */
		FC85CBE61AAD4627002753A8 /* SwitchAction */ = {
			isa = PBXNativeTarget;
			buildConfigurationList = FC85CC061AAD4627002753A8 /* Build configuration list for PBXNativeTarget "SwitchAction" */;
			buildPhases = (
				FC85CBE31AAD4627002753A8 /* Sources */,
				FC85CBE41AAD4627002753A8 /* Frameworks */,
				FC85CBE51AAD4627002753A8 /* Resources */,
			);
			buildRules = (
			);
			dependencies = (
			);
			name = SwitchAction;
			productName = SwitchAction;
			productReference = FC85CBE71AAD4627002753A8 /* SwitchAction.app */;
			productType = "com.apple.product-type.application";
		};
		FC85CBFB1AAD4627002753A8 /* SwitchActionTests */ = {
			isa = PBXNativeTarget;
			buildConfigurationList = FC85CC091AAD4627002753A8 /* Build configuration list for PBXNativeTarget "SwitchActionTests" */;
			buildPhases = (
				FC85CBF81AAD4627002753A8 /* Sources */,
				FC85CBF91AAD4627002753A8 /* Frameworks */,
				FC85CBFA1AAD4627002753A8 /* Resources */,
			);
			buildRules = (
			);
			dependencies = (
				FC85CBFE1AAD4627002753A8 /* PBXTargetDependency */,
			);
			name = SwitchActionTests;
			productName = SwitchActionTests;
			productReference = FC85CBFC1AAD4627002753A8 /* SwitchActionTests.xctest */;
			productType = "com.apple.product-type.bundle.unit-test";
		};
/* End PBXNativeTarget section */

/* Begin PBXProject section */
		FC85CBDF1AAD4627002753A8 /* Project object */ = {
			isa = PBXProject;
			attributes = {
				LastUpgradeCheck = 0610;
				ORGANIZATIONNAME = Jeffrey;
				TargetAttributes = {
					FC85CBE61AAD4627002753A8 = {
						CreatedOnToolsVersion = 6.1.1;
					};
					FC85CBFB1AAD4627002753A8 = {
						CreatedOnToolsVersion = 6.1.1;
						TestTargetID = FC85CBE61AAD4627002753A8;
					};
				};
			};
			buildConfigurationList = FC85CBE21AAD4627002753A8 /* Build configuration list for PBXProject "SwitchAction" */;
			compatibilityVersion = "Xcode 3.2";
			developmentRegion = English;
			hasScannedForEncodings = 0;
			knownRegions = (
				en,
				Base,
			);
			mainGroup = FC85CBDE1AAD4627002753A8;
			productRefGroup = FC85CBE81AAD4627002753A8 /* Products */;
			projectDirPath = "";
			projectRoot = "";
			targets = (
				FC85CBE61AAD4627002753A8 /* SwitchAction */,
				FC85CBFB1AAD4627002753A8 /* SwitchActionTests */,
			);
		};
/* End PBXProject section */

/* Begin PBXResourcesBuildPhase section */
		FC85CBE51AAD4627002753A8 /* Resources */ = {
			isa = PBXResourcesBuildPhase;
			buildActionMask = 2147483647;
			files = (
				FC85CBF21AAD4627002753A8 /* Main.storyboard in Resources */,
				FC85CBF71AAD4627002753A8 /* LaunchScreen.xib in Resources */,
				FC85CBF41AAD4627002753A8 /* Images.xcassets in Resources */,
			);
			runOnlyForDeploymentPostprocessing = 0;
		};
		FC85CBFA1AAD4627002753A8 /* Resources */ = {
			isa = PBXResourcesBuildPhase;
			buildActionMask = 2147483647;
			files = (
			);
			runOnlyForDeploymentPostprocessing = 0;
		};
/* End PBXResourcesBuildPhase section */

/* Begin PBXSourcesBuildPhase section */
		FC85CBE31AAD4627002753A8 /* Sources */ = {
			isa = PBXSourcesBuildPhase;
			buildActionMask = 2147483647;
			files = (
				FC85CBEF1AAD4627002753A8 /* ViewController.swift in Sources */,
				FC85CBED1AAD4627002753A8 /* AppDelegate.swift in Sources */,
			);
			runOnlyForDeploymentPostprocessing = 0;
		};
		FC85CBF81AAD4627002753A8 /* Sources */ = {
			isa = PBXSourcesBuildPhase;
			buildActionMask = 2147483647;
			files = (
				FC85CC031AAD4627002753A8 /* SwitchActionTests.swift in Sources */,
			);
			runOnlyForDeploymentPostprocessing = 0;
		};
/* End PBXSourcesBuildPhase section */

/* Begin PBXTargetDependency section */
		FC85CBFE1AAD4627002753A8 /* PBXTargetDependency */ = {
			isa = PBXTargetDependency;
			target = FC85CBE61AAD4627002753A8 /* SwitchAction */;
			targetProxy = FC85CBFD1AAD4627002753A8 /* PBXContainerItemProxy */;
		};
/* End PBXTargetDependency section */

/* Begin PBXVariantGroup section */
		FC85CBF01AAD4627002753A8 /* Main.storyboard */ = {
			isa = PBXVariantGroup;
			children = (
				FC85CBF11AAD4627002753A8 /* Base */,
			);
			name = Main.storyboard;
			sourceTree = "<group>";
		};
		FC85CBF51AAD4627002753A8 /* LaunchScreen.xib */ = {
			isa = PBXVariantGroup;
			children = (
				FC85CBF61AAD4627002753A8 /* Base */,
			);
			name = LaunchScreen.xib;
			sourceTree = "<group>";
		};
/* End PBXVariantGroup section */

/* Begin XCBuildConfiguration section */
		FC85CC041AAD4627002753A8 /* Debug */ = {
			isa = XCBuildConfiguration;
			buildSettings = {
				ALWAYS_SEARCH_USER_PATHS = NO;
				CLANG_CXX_LANGUAGE_STANDARD = "gnu++0x";
				CLANG_CXX_LIBRARY = "libc++";
				CLANG_ENABLE_MODULES = YES;
				CLANG_ENABLE_OBJC_ARC = YES;
				CLANG_WARN_BOOL_CONVERSION = YES;
				CLANG_WARN_CONSTANT_CONVERSION = YES;
				CLANG_WARN_DIRECT_OBJC_ISA_USAGE = YES_ERROR;
				CLANG_WARN_EMPTY_BODY = YES;
				CLANG_WARN_ENUM_CONVERSION = YES;
				CLANG_WARN_INT_CONVERSION = YES;
				CLANG_WARN_OBJC_ROOT_CLASS = YES_ERROR;
				CLANG_WARN_UNREACHABLE_CODE = YES;
				CLANG_WARN__DUPLICATE_METHOD_MATCH = YES;
				"CODE_SIGN_IDENTITY[sdk=iphoneos*]" = "iPhone Developer";
				COPY_PHASE_STRIP = NO;
				ENABLE_STRICT_OBJC_MSGSEND = YES;
				GCC_C_LANGUAGE_STANDARD = gnu99;
				GCC_DYNAMIC_NO_PIC = NO;
				GCC_OPTIMIZATION_LEVEL = 0;
				GCC_PREPROCESSOR_DEFINITIONS = (
					"DEBUG=1",
					"$(inherited)",
				);
				GCC_SYMBOLS_PRIVATE_EXTERN = NO;
				GCC_WARN_64_TO_32_BIT_CONVERSION = YES;
				GCC_WARN_ABOUT_RETURN_TYPE = YES_ERROR;
				GCC_WARN_UNDECLARED_SELECTOR = YES;
				GCC_WARN_UNINITIALIZED_AUTOS = YES_AGGRESSIVE;
				GCC_WARN_UNUSED_FUNCTION = YES;
				GCC_WARN_UNUSED_VARIABLE = YES;
				IPHONEOS_DEPLOYMENT_TARGET = 8.1;
				MTL_ENABLE_DEBUG_INFO = YES;
				ONLY_ACTIVE_ARCH = YES;
				SDKROOT = iphoneos;
				SWIFT_OPTIMIZATION_LEVEL = "-Onone";
			};
			name = Debug;
		};
		FC85CC051AAD4627002753A8 /* Release */ = {
			isa = XCBuildConfiguration;
			buildSettings = {
				ALWAYS_SEARCH_USER_PATHS = NO;
				CLANG_CXX_LANGUAGE_STANDARD = "gnu++0x";
				CLANG_CXX_LIBRARY = "libc++";
				CLANG_ENABLE_MODULES = YES;
				CLANG_ENABLE_OBJC_ARC = YES;
				CLANG_WARN_BOOL_CONVERSION = YES;
				CLANG_WARN_CONSTANT_CONVERSION = YES;
				CLANG_WARN_DIRECT_OBJC_ISA_USAGE = YES_ERROR;
				CLANG_WARN_EMPTY_BODY = YES;
				CLANG_WARN_ENUM_CONVERSION = YES;
				CLANG_WARN_INT_CONVERSION = YES;
				CLANG_WARN_OBJC_ROOT_CLASS = YES_ERROR;
				CLANG_WARN_UNREACHABLE_CODE = YES;
				CLANG_WARN__DUPLICATE_METHOD_MATCH = YES;
				"CODE_SIGN_IDENTITY[sdk=iphoneos*]" = "iPhone Developer";
				COPY_PHASE_STRIP = YES;
				ENABLE_NS_ASSERTIONS = NO;
				ENABLE_STRICT_OBJC_MSGSEND = YES;
				GCC_C_LANGUAGE_STANDARD = gnu99;
				GCC_WARN_64_TO_32_BIT_CONVERSION = YES;
				GCC_WARN_ABOUT_RETURN_TYPE = YES_ERROR;
				GCC_WARN_UNDECLARED_SELECTOR = YES;
				GCC_WARN_UNINITIALIZED_AUTOS = YES_AGGRESSIVE;
				GCC_WARN_UNUSED_FUNCTION = YES;
				GCC_WARN_UNUSED_VARIABLE = YES;
				IPHONEOS_DEPLOYMENT_TARGET = 8.1;
				MTL_ENABLE_DEBUG_INFO = NO;
				SDKROOT = iphoneos;
				VALIDATE_PRODUCT = YES;
			};
			name = Release;
		};
		FC85CC071AAD4627002753A8 /* Debug */ = {
			isa = XCBuildConfiguration;
			buildSettings = {
				ASSETCATALOG_COMPILER_APPICON_NAME = AppIcon;
				INFOPLIST_FILE = SwitchAction/Info.plist;
				LD_RUNPATH_SEARCH_PATHS = "$(inherited) @executable_path/Frameworks";
				PRODUCT_NAME = "$(TARGET_NAME)";
			};
			name = Debug;
		};
		FC85CC081AAD4627002753A8 /* Release */ = {
			isa = XCBuildConfiguration;
			buildSettings = {
				ASSETCATALOG_COMPILER_APPICON_NAME = AppIcon;
				INFOPLIST_FILE = SwitchAction/Info.plist;
				LD_RUNPATH_SEARCH_PATHS = "$(inherited) @executable_path/Frameworks";
				PRODUCT_NAME = "$(TARGET_NAME)";
			};
			name = Release;
		};
		FC85CC0A1AAD4627002753A8 /* Debug */ = {
			isa = XCBuildConfiguration;
			buildSettings = {
				BUNDLE_LOADER = "$(TEST_HOST)";
				FRAMEWORK_SEARCH_PATHS = (
					"$(SDKROOT)/Developer/Library/Frameworks",
					"$(inherited)",
				);
				GCC_PREPROCESSOR_DEFINITIONS = (
					"DEBUG=1",
					"$(inherited)",
				);
				INFOPLIST_FILE = SwitchActionTests/Info.plist;
				LD_RUNPATH_SEARCH_PATHS = "$(inherited) @executable_path/Frameworks @loader_path/Frameworks";
				PRODUCT_NAME = "$(TARGET_NAME)";
				TEST_HOST = "$(BUILT_PRODUCTS_DIR)/SwitchAction.app/SwitchAction";
			};
			name = Debug;
		};
		FC85CC0B1AAD4627002753A8 /* Release */ = {
			isa = XCBuildConfiguration;
			buildSettings = {
				BUNDLE_LOADER = "$(TEST_HOST)";
				FRAMEWORK_SEARCH_PATHS = (
					"$(SDKROOT)/Developer/Library/Frameworks",
					"$(inherited)",
				);
				INFOPLIST_FILE = SwitchActionTests/Info.plist;
				LD_RUNPATH_SEARCH_PATHS = "$(inherited) @executable_path/Frameworks @loader_path/Frameworks";
				PRODUCT_NAME = "$(TARGET_NAME)";
				TEST_HOST = "$(BUILT_PRODUCTS_DIR)/SwitchAction.app/SwitchAction";
			};
			name = Release;
		};
/* End XCBuildConfiguration section */

/* Begin XCConfigurationList section */
		FC85CBE21AAD4627002753A8 /* Build configuration list for PBXProject "SwitchAction" */ = {
			isa = XCConfigurationList;
			buildConfigurations = (
				FC85CC041AAD4627002753A8 /* Debug */,
				FC85CC051AAD4627002753A8 /* Release */,
			);
			defaultConfigurationIsVisible = 0;
			defaultConfigurationName = Release;
		};
		FC85CC061AAD4627002753A8 /* Build configuration list for PBXNativeTarget "SwitchAction" */ = {
			isa = XCConfigurationList;
			buildConfigurations = (
				FC85CC071AAD4627002753A8 /* Debug */,
				FC85CC081AAD4627002753A8 /* Release */,
			);
			defaultConfigurationIsVisible = 0;
		};
		FC85CC091AAD4627002753A8 /* Build configuration list for PBXNativeTarget "SwitchActionTests" */ = {
			isa = XCConfigurationList;
			buildConfigurations = (
				FC85CC0A1AAD4627002753A8 /* Debug */,
				FC85CC0B1AAD4627002753A8 /* Release */,
			);
			defaultConfigurationIsVisible = 0;
		};
/* End XCConfigurationList section */
	};
	rootObject = FC85CBDF1AAD4627002753A8 /* Project object */;
}
